
Microsoft Visual Studio Solution File, Format Version 12.00
# Visual Studio 15
VisualStudioVersion = 15.0.28307.421
MinimumVisualStudioVersion = 10.0.40219.1
Project("{FAE04EC0-301F-11D3-BF4B-00C04F79EFBC}") = "OOP", "OOP\OOP.csproj", "{F993D4CD-0BE4-4AEB-B098-EABD423DC986}"
EndProject
Global
	GlobalSection(SolutionConfigurationPlatforms) = preSolution
		Debug|Any CPU = Debug|Any CPU
		Release|Any CPU = Release|Any CPU
	EndGlobalSection
	GlobalSection(ProjectConfigurationPlatforms) = postSolution
		{F993D4CD-0BE4-4AEB-B098-EABD423DC986}.Debug|Any CPU.ActiveCfg = Debug|Any CPU
		{F993D4CD-0BE4-4AEB-B098-EABD423DC986}.Debug|Any CPU.Build.0 = Debug|Any CPU
		{F993D4CD-0BE4-4AEB-B098-EABD423DC986}.Release|Any CPU.ActiveCfg = Release|Any CPU
		{F993D4CD-0BE4-4AEB-B098-EABD423DC986}.Release|Any CPU.Build.0 = Release|Any CPU
	EndGlobalSection
	GlobalSection(SolutionProperties) = preSolution
		HideSolutionNode = FALSE
	EndGlobalSection
	GlobalSection(ExtensibilityGlobals) = postSolution
		SolutionGuid = {ABC78875-515C-42ED-938E-E80FF0609061}
	EndGlobalSection
EndGlobal
